// !$*UTF8*$!
{
	archiveVersion = 1;
	classes = {
	};
	objectVersion = 50;
	objects = {

/* Begin PBXBuildFile section */
		DC27B83D2181AB6E00FAAB1A /* AppDelegate.m in Sources */ = {isa = PBXBuildFile; fileRef = DC27B83C2181AB6E00FAAB1A /* AppDelegate.m */; };
		DC27B8402181AB6E00FAAB1A /* ViewController.m in Sources */ = {isa = PBXBuildFile; fileRef = DC27B83F2181AB6E00FAAB1A /* ViewController.m */; };
		DC27B8432181AB6E00FAAB1A /* Main.storyboard in Resources */ = {isa = PBXBuildFile; fileRef = DC27B8412181AB6E00FAAB1A /* Main.storyboard */; };
		DC27B8452181AB6F00FAAB1A /* Assets.xcassets in Resources */ = {isa = PBXBuildFile; fileRef = DC27B8442181AB6F00FAAB1A /* Assets.xcassets */; };
		DC27B8482181AB6F00FAAB1A /* LaunchScreen.storyboard in Resources */ = {isa = PBXBuildFile; fileRef = DC27B8462181AB6F00FAAB1A /* LaunchScreen.storyboard */; };
		DC27B84B2181AB6F00FAAB1A /* main.m in Sources */ = {isa = PBXBuildFile; fileRef = DC27B84A2181AB6F00FAAB1A /* main.m */; };
		DC27B8552181AB6F00FAAB1A /* VPNDemoTests.m in Sources */ = {isa = PBXBuildFile; fileRef = DC27B8542181AB6F00FAAB1A /* VPNDemoTests.m */; };
		DC27B8602181AB6F00FAAB1A /* VPNDemoUITests.m in Sources */ = {isa = PBXBuildFile; fileRef = DC27B85F2181AB6F00FAAB1A /* VPNDemoUITests.m */; };
/* End PBXBuildFile section */

/* Begin PBXContainerItemProxy section */
		DC27B8512181AB6F00FAAB1A /* PBXContainerItemProxy */ = {
			isa = PBXContainerItemProxy;
			containerPortal = DC27B8302181AB6E00FAAB1A /* Project object */;
			proxyType = 1;
			remoteGlobalIDString = DC27B8372181AB6E00FAAB1A;
			remoteInfo = VPNDemo;
		};
		DC27B85C2181AB6F00FAAB1A /* PBXContainerItemProxy */ = {
			isa = PBXContainerItemProxy;
			containerPortal = DC27B8302181AB6E00FAAB1A /* Project object */;
			proxyType = 1;
			remoteGlobalIDString = DC27B8372181AB6E00FAAB1A;
			remoteInfo = VPNDemo;
		};
/* End PBXContainerItemProxy section */

/* Begin PBXFileReference section */
		DC27B8382181AB6E00FAAB1A /* VPNDemo.app */ = {isa = PBXFileReference; explicitFileType = wrapper.application; includeInIndex = 0; path = VPNDemo.app; sourceTree = BUILT_PRODUCTS_DIR; };
		DC27B83B2181AB6E00FAAB1A /* AppDelegate.h */ = {isa = PBXFileReference; lastKnownFileType = sourcecode.c.h; path = AppDelegate.h; sourceTree = "<group>"; };
		DC27B83C2181AB6E00FAAB1A /* AppDelegate.m */ = {isa = PBXFileReference; lastKnownFileType = sourcecode.c.objc; path = AppDelegate.m; sourceTree = "<group>"; };
		DC27B83E2181AB6E00FAAB1A /* ViewController.h */ = {isa = PBXFileReference; lastKnownFileType = sourcecode.c.h; path = ViewController.h; sourceTree = "<group>"; };
		DC27B83F2181AB6E00FAAB1A /* ViewController.m */ = {isa = PBXFileReference; lastKnownFileType = sourcecode.c.objc; path = ViewController.m; sourceTree = "<group>"; };
		DC27B8422181AB6E00FAAB1A /* Base */ = {isa = PBXFileReference; lastKnownFileType = file.storyboard; name = Base; path = Base.lproj/Main.storyboard; sourceTree = "<group>"; };
		DC27B8442181AB6F00FAAB1A /* Assets.xcassets */ = {isa = PBXFileReference; lastKnownFileType = folder.assetcatalog; path = Assets.xcassets; sourceTree = "<group>"; };
		DC27B8472181AB6F00FAAB1A /* Base */ = {isa = PBXFileReference; lastKnownFileType = file.storyboard; name = Base; path = Base.lproj/LaunchScreen.storyboard; sourceTree = "<group>"; };
		DC27B8492181AB6F00FAAB1A /* Info.plist */ = {isa = PBXFileReference; lastKnownFileType = text.plist.xml; path = Info.plist; sourceTree = "<group>"; };
		DC27B84A2181AB6F00FAAB1A /* main.m */ = {isa = PBXFileReference; lastKnownFileType = sourcecode.c.objc; path = main.m; sourceTree = "<group>"; };
		DC27B8502181AB6F00FAAB1A /* VPNDemoTests.xctest */ = {isa = PBXFileReference; explicitFileType = wrapper.cfbundle; includeInIndex = 0; path = VPNDemoTests.xctest; sourceTree = BUILT_PRODUCTS_DIR; };
		DC27B8542181AB6F00FAAB1A /* VPNDemoTests.m */ = {isa = PBXFileReference; lastKnownFileType = sourcecode.c.objc; path = VPNDemoTests.m; sourceTree = "<group>"; };
		DC27B8562181AB6F00FAAB1A /* Info.plist */ = {isa = PBXFileReference; lastKnownFileType = text.plist.xml; path = Info.plist; sourceTree = "<group>"; };
		DC27B85B2181AB6F00FAAB1A /* VPNDemoUITests.xctest */ = {isa = PBXFileReference; explicitFileType = wrapper.cfbundle; includeInIndex = 0; path = VPNDemoUITests.xctest; sourceTree = BUILT_PRODUCTS_DIR; };
		DC27B85F2181AB6F00FAAB1A /* VPNDemoUITests.m */ = {isa = PBXFileReference; lastKnownFileType = sourcecode.c.objc; path = VPNDemoUITests.m; sourceTree = "<group>"; };
		DC27B8612181AB6F00FAAB1A /* Info.plist */ = {isa = PBXFileReference; lastKnownFileType = text.plist.xml; path = Info.plist; sourceTree = "<group>"; };
/* End PBXFileReference section */

/* Begin PBXFrameworksBuildPhase section */
		DC27B8352181AB6E00FAAB1A /* Frameworks */ = {
			isa = PBXFrameworksBuildPhase;
			buildActionMask = 2147483647;
			files = (
			);
			runOnlyForDeploymentPostprocessing = 0;
		};
		DC27B84D2181AB6F00FAAB1A /* Frameworks */ = {
			isa = PBXFrameworksBuildPhase;
			buildActionMask = 2147483647;
			files = (
			);
			runOnlyForDeploymentPostprocessing = 0;
		};
		DC27B8582181AB6F00FAAB1A /* Frameworks */ = {
			isa = PBXFrameworksBuildPhase;
			buildActionMask = 2147483647;
			files = (
			);
			runOnlyForDeploymentPostprocessing = 0;
		};
/* End PBXFrameworksBuildPhase section */

/* Begin PBXGroup section */
		DC27B82F2181AB6E00FAAB1A = {
			isa = PBXGroup;
			children = (
				DC27B83A2181AB6E00FAAB1A /* VPNDemo */,
				DC27B8532181AB6F00FAAB1A /* VPNDemoTests */,
				DC27B85E2181AB6F00FAAB1A /* VPNDemoUITests */,
				DC27B8392181AB6E00FAAB1A /* Products */,
			);
			sourceTree = "<group>";
		};
		DC27B8392181AB6E00FAAB1A /* Products */ = {
			isa = PBXGroup;
			children = (
				DC27B8382181AB6E00FAAB1A /* VPNDemo.app */,
				DC27B8502181AB6F00FAAB1A /* VPNDemoTests.xctest */,
				DC27B85B2181AB6F00FAAB1A /* VPNDemoUITests.xctest */,
			);
			name = Products;
			sourceTree = "<group>";
		};
		DC27B83A2181AB6E00FAAB1A /* VPNDemo */ = {
			isa = PBXGroup;
			children = (
				DC27B83B2181AB6E00FAAB1A /* AppDelegate.h */,
				DC27B83C2181AB6E00FAAB1A /* AppDelegate.m */,
				DC27B83E2181AB6E00FAAB1A /* ViewController.h */,
				DC27B83F2181AB6E00FAAB1A /* ViewController.m */,
				DC27B8412181AB6E00FAAB1A /* Main.storyboard */,
				DC27B8442181AB6F00FAAB1A /* Assets.xcassets */,
				DC27B8462181AB6F00FAAB1A /* LaunchScreen.storyboard */,
				DC27B8492181AB6F00FAAB1A /* Info.plist */,
				DC27B84A2181AB6F00FAAB1A /* main.m */,
			);
			path = VPNDemo;
			sourceTree = "<group>";
		};
		DC27B8532181AB6F00FAAB1A /* VPNDemoTests */ = {
			isa = PBXGroup;
			children = (
				DC27B8542181AB6F00FAAB1A /* VPNDemoTests.m */,
				DC27B8562181AB6F00FAAB1A /* Info.plist */,
			);
			path = VPNDemoTests;
			sourceTree = "<group>";
		};
		DC27B85E2181AB6F00FAAB1A /* VPNDemoUITests */ = {
			isa = PBXGroup;
			children = (
				DC27B85F2181AB6F00FAAB1A /* VPNDemoUITests.m */,
				DC27B8612181AB6F00FAAB1A /* Info.plist */,
			);
			path = VPNDemoUITests;
			sourceTree = "<group>";
		};
/* End PBXGroup section */

/* Begin PBXNativeTarget section */
		DC27B8372181AB6E00FAAB1A /* VPNDemo */ = {
			isa = PBXNativeTarget;
			buildConfigurationList = DC27B8642181AB6F00FAAB1A /* Build configuration list for PBXNativeTarget "VPNDemo" */;
			buildPhases = (
				DC27B8342181AB6E00FAAB1A /* Sources */,
				DC27B8352181AB6E00FAAB1A /* Frameworks */,
				DC27B8362181AB6E00FAAB1A /* Resources */,
			);
			buildRules = (
			);
			dependencies = (
			);
			name = VPNDemo;
			productName = VPNDemo;
			productReference = DC27B8382181AB6E00FAAB1A /* VPNDemo.app */;
			productType = "com.apple.product-type.application";
		};
		DC27B84F2181AB6F00FAAB1A /* VPNDemoTests */ = {
			isa = PBXNativeTarget;
			buildConfigurationList = DC27B8672181AB6F00FAAB1A /* Build configuration list for PBXNativeTarget "VPNDemoTests" */;
			buildPhases = (
				DC27B84C2181AB6F00FAAB1A /* Sources */,
				DC27B84D2181AB6F00FAAB1A /* Frameworks */,
				DC27B84E2181AB6F00FAAB1A /* Resources */,
			);
			buildRules = (
			);
			dependencies = (
				DC27B8522181AB6F00FAAB1A /* PBXTargetDependency */,
			);
			name = VPNDemoTests;
			productName = VPNDemoTests;
			productReference = DC27B8502181AB6F00FAAB1A /* VPNDemoTests.xctest */;
			productType = "com.apple.product-type.bundle.unit-test";
		};
		DC27B85A2181AB6F00FAAB1A /* VPNDemoUITests */ = {
			isa = PBXNativeTarget;
			buildConfigurationList = DC27B86A2181AB6F00FAAB1A /* Build configuration list for PBXNativeTarget "VPNDemoUITests" */;
			buildPhases = (
				DC27B8572181AB6F00FAAB1A /* Sources */,
				DC27B8582181AB6F00FAAB1A /* Frameworks */,
				DC27B8592181AB6F00FAAB1A /* Resources */,
			);
			buildRules = (
			);
			dependencies = (
				DC27B85D2181AB6F00FAAB1A /* PBXTargetDependency */,
			);
			name = VPNDemoUITests;
			productName = VPNDemoUITests;
			productReference = DC27B85B2181AB6F00FAAB1A /* VPNDemoUITests.xctest */;
			productType = "com.apple.product-type.bundle.ui-testing";
		};
/* End PBXNativeTarget section */

/* Begin PBXProject section */
		DC27B8302181AB6E00FAAB1A /* Project object */ = {
			isa = PBXProject;
			attributes = {
				LastUpgradeCheck = 1000;
				ORGANIZATIONNAME = CXTretar;
				TargetAttributes = {
					DC27B8372181AB6E00FAAB1A = {
						CreatedOnToolsVersion = 10.0;
					};
					DC27B84F2181AB6F00FAAB1A = {
						CreatedOnToolsVersion = 10.0;
						TestTargetID = DC27B8372181AB6E00FAAB1A;
					};
					DC27B85A2181AB6F00FAAB1A = {
						CreatedOnToolsVersion = 10.0;
						TestTargetID = DC27B8372181AB6E00FAAB1A;
					};
				};
			};
			buildConfigurationList = DC27B8332181AB6E00FAAB1A /* Build configuration list for PBXProject "VPNDemo" */;
			compatibilityVersion = "Xcode 9.3";
			developmentRegion = en;
			hasScannedForEncodings = 0;
			knownRegions = (
				en,
				Base,
			);
			mainGroup = DC27B82F2181AB6E00FAAB1A;
			productRefGroup = DC27B8392181AB6E00FAAB1A /* Products */;
			projectDirPath = "";
			projectRoot = "";
			targets = (
				DC27B8372181AB6E00FAAB1A /* VPNDemo */,
				DC27B84F2181AB6F00FAAB1A /* VPNDemoTests */,
				DC27B85A2181AB6F00FAAB1A /* VPNDemoUITests */,
			);
		};
/* End PBXProject section */

/* Begin PBXResourcesBuildPhase section */
		DC27B8362181AB6E00FAAB1A /* Resources */ = {
			isa = PBXResourcesBuildPhase;
			buildActionMask = 2147483647;
			files = (
				DC27B8482181AB6F00FAAB1A /* LaunchScreen.storyboard in Resources */,
				DC27B8452181AB6F00FAAB1A /* Assets.xcassets in Resources */,
				DC27B8432181AB6E00FAAB1A /* Main.storyboard in Resources */,
			);
			runOnlyForDeploymentPostprocessing = 0;
		};
		DC27B84E2181AB6F00FAAB1A /* Resources */ = {
			isa = PBXResourcesBuildPhase;
			buildActionMask = 2147483647;
			files = (
			);
			runOnlyForDeploymentPostprocessing = 0;
		};
		DC27B8592181AB6F00FAAB1A /* Resources */ = {
			isa = PBXResourcesBuildPhase;
			buildActionMask = 2147483647;
			files = (
			);
			runOnlyForDeploymentPostprocessing = 0;
		};
/* End PBXResourcesBuildPhase section */

/* Begin PBXSourcesBuildPhase section */
		DC27B8342181AB6E00FAAB1A /* Sources */ = {
			isa = PBXSourcesBuildPhase;
			buildActionMask = 2147483647;
			files = (
				DC27B8402181AB6E00FAAB1A /* ViewController.m in Sources */,
				DC27B84B2181AB6F00FAAB1A /* main.m in Sources */,
				DC27B83D2181AB6E00FAAB1A /* AppDelegate.m in Sources */,
			);
			runOnlyForDeploymentPostprocessing = 0;
		};
		DC27B84C2181AB6F00FAAB1A /* Sources */ = {
			isa = PBXSourcesBuildPhase;
			buildActionMask = 2147483647;
			files = (
				DC27B8552181AB6F00FAAB1A /* VPNDemoTests.m in Sources */,
			);
			runOnlyForDeploymentPostprocessing = 0;
		};
		DC27B8572181AB6F00FAAB1A /* Sources */ = {
			isa = PBXSourcesBuildPhase;
			buildActionMask = 2147483647;
			files = (
				DC27B8602181AB6F00FAAB1A /* VPNDemoUITests.m in Sources */,
			);
			runOnlyForDeploymentPostprocessing = 0;
		};
/* End PBXSourcesBuildPhase section */

/* Begin PBXTargetDependency section */
		DC27B8522181AB6F00FAAB1A /* PBXTargetDependency */ = {
			isa = PBXTargetDependency;
			target = DC27B8372181AB6E00FAAB1A /* VPNDemo */;
			targetProxy = DC27B8512181AB6F00FAAB1A /* PBXContainerItemProxy */;
		};
		DC27B85D2181AB6F00FAAB1A /* PBXTargetDependency */ = {
			isa = PBXTargetDependency;
			target = DC27B8372181AB6E00FAAB1A /* VPNDemo */;
			targetProxy = DC27B85C2181AB6F00FAAB1A /* PBXContainerItemProxy */;
		};
/* End PBXTargetDependency section */

/* Begin PBXVariantGroup section */
		DC27B8412181AB6E00FAAB1A /* Main.storyboard */ = {
			isa = PBXVariantGroup;
			children = (
				DC27B8422181AB6E00FAAB1A /* Base */,
			);
			name = Main.storyboard;
			sourceTree = "<group>";
		};
		DC27B8462181AB6F00FAAB1A /* LaunchScreen.storyboard */ = {
			isa = PBXVariantGroup;
			children = (
				DC27B8472181AB6F00FAAB1A /* Base */,
			);
			name = LaunchScreen.storyboard;
			sourceTree = "<group>";
		};
/* End PBXVariantGroup section */

/* Begin XCBuildConfiguration section */
		DC27B8622181AB6F00FAAB1A /* Debug */ = {
			isa = XCBuildConfiguration;
			buildSettings = {
				ALWAYS_SEARCH_USER_PATHS = NO;
				CLANG_ANALYZER_NONNULL = YES;
				CLANG_ANALYZER_NUMBER_OBJECT_CONVERSION = YES_AGGRESSIVE;
				CLANG_CXX_LANGUAGE_STANDARD = "gnu++14";
				CLANG_CXX_LIBRARY = "libc++";
				CLANG_ENABLE_MODULES = YES;
				CLANG_ENABLE_OBJC_ARC = YES;
				CLANG_ENABLE_OBJC_WEAK = YES;
				CLANG_WARN_BLOCK_CAPTURE_AUTORELEASING = YES;
				CLANG_WARN_BOOL_CONVERSION = YES;
				CLANG_WARN_COMMA = YES;
				CLANG_WARN_CONSTANT_CONVERSION = YES;
				CLANG_WARN_DEPRECATED_OBJC_IMPLEMENTATIONS = YES;
				CLANG_WARN_DIRECT_OBJC_ISA_USAGE = YES_ERROR;
				CLANG_WARN_DOCUMENTATION_COMMENTS = YES;
				CLANG_WARN_EMPTY_BODY = YES;
				CLANG_WARN_ENUM_CONVERSION = YES;
				CLANG_WARN_INFINITE_RECURSION = YES;
				CLANG_WARN_INT_CONVERSION = YES;
				CLANG_WARN_NON_LITERAL_NULL_CONVERSION = YES;
				CLANG_WARN_OBJC_IMPLICIT_RETAIN_SELF = YES;
				CLANG_WARN_OBJC_LITERAL_CONVERSION = YES;
				CLANG_WARN_OBJC_ROOT_CLASS = YES_ERROR;
				CLANG_WARN_RANGE_LOOP_ANALYSIS = YES;
				CLANG_WARN_STRICT_PROTOTYPES = YES;
				CLANG_WARN_SUSPICIOUS_MOVE = YES;
				CLANG_WARN_UNGUARDED_AVAILABILITY = YES_AGGRESSIVE;
				CLANG_WARN_UNREACHABLE_CODE = YES;
				CLANG_WARN__DUPLICATE_METHOD_MATCH = YES;
				CODE_SIGN_IDENTITY = "iPhone Developer";
				COPY_PHASE_STRIP = NO;
				DEBUG_INFORMATION_FORMAT = dwarf;
				ENABLE_STRICT_OBJC_MSGSEND = YES;
				ENABLE_TESTABILITY = YES;
				GCC_C_LANGUAGE_STANDARD = gnu11;
				GCC_DYNAMIC_NO_PIC = NO;
				GCC_NO_COMMON_BLOCKS = YES;
				GCC_OPTIMIZATION_LEVEL = 0;
				GCC_PREPROCESSOR_DEFINITIONS = (
					"DEBUG=1",
					"$(inherited)",
				);
				GCC_WARN_64_TO_32_BIT_CONVERSION = YES;
				GCC_WARN_ABOUT_RETURN_TYPE = YES_ERROR;
				GCC_WARN_UNDECLARED_SELECTOR = YES;
				GCC_WARN_UNINITIALIZED_AUTOS = YES_AGGRESSIVE;
				GCC_WARN_UNUSED_FUNCTION = YES;
				GCC_WARN_UNUSED_VARIABLE = YES;
				IPHONEOS_DEPLOYMENT_TARGET = 12.0;
				MTL_ENABLE_DEBUG_INFO = INCLUDE_SOURCE;
				MTL_FAST_MATH = YES;
				ONLY_ACTIVE_ARCH = YES;
				SDKROOT = iphoneos;
			};
			name = Debug;
		};
		DC27B8632181AB6F00FAAB1A /* Release */ = {
			isa = XCBuildConfiguration;
			buildSettings = {
				ALWAYS_SEARCH_USER_PATHS = NO;
				CLANG_ANALYZER_NONNULL = YES;
				CLANG_ANALYZER_NUMBER_OBJECT_CONVERSION = YES_AGGRESSIVE;
				CLANG_CXX_LANGUAGE_STANDARD = "gnu++14";
				CLANG_CXX_LIBRARY = "libc++";
				CLANG_ENABLE_MODULES = YES;
				CLANG_ENABLE_OBJC_ARC = YES;
				CLANG_ENABLE_OBJC_WEAK = YES;
				CLANG_WARN_BLOCK_CAPTURE_AUTORELEASING = YES;
				CLANG_WARN_BOOL_CONVERSION = YES;
				CLANG_WARN_COMMA = YES;
				CLANG_WARN_CONSTANT_CONVERSION = YES;
				CLANG_WARN_DEPRECATED_OBJC_IMPLEMENTATIONS = YES;
				CLANG_WARN_DIRECT_OBJC_ISA_USAGE = YES_ERROR;
				CLANG_WARN_DOCUMENTATION_COMMENTS = YES;
				CLANG_WARN_EMPTY_BODY = YES;
				CLANG_WARN_ENUM_CONVERSION = YES;
				CLANG_WARN_INFINITE_RECURSION = YES;
				CLANG_WARN_INT_CONVERSION = YES;
				CLANG_WARN_NON_LITERAL_NULL_CONVERSION = YES;
				CLANG_WARN_OBJC_IMPLICIT_RETAIN_SELF = YES;
				CLANG_WARN_OBJC_LITERAL_CONVERSION = YES;
				CLANG_WARN_OBJC_ROOT_CLASS = YES_ERROR;
				CLANG_WARN_RANGE_LOOP_ANALYSIS = YES;
				CLANG_WARN_STRICT_PROTOTYPES = YES;
				CLANG_WARN_SUSPICIOUS_MOVE = YES;
				CLANG_WARN_UNGUARDED_AVAILABILITY = YES_AGGRESSIVE;
				CLANG_WARN_UNREACHABLE_CODE = YES;
				CLANG_WARN__DUPLICATE_METHOD_MATCH = YES;
				CODE_SIGN_IDENTITY = "iPhone Developer";
				COPY_PHASE_STRIP = NO;
				DEBUG_INFORMATION_FORMAT = "dwarf-with-dsym";
				ENABLE_NS_ASSERTIONS = NO;
				ENABLE_STRICT_OBJC_MSGSEND = YES;
				GCC_C_LANGUAGE_STANDARD = gnu11;
				GCC_NO_COMMON_BLOCKS = YES;
				GCC_WARN_64_TO_32_BIT_CONVERSION = YES;
				GCC_WARN_ABOUT_RETURN_TYPE = YES_ERROR;
				GCC_WARN_UNDECLARED_SELECTOR = YES;
				GCC_WARN_UNINITIALIZED_AUTOS = YES_AGGRESSIVE;
				GCC_WARN_UNUSED_FUNCTION = YES;
				GCC_WARN_UNUSED_VARIABLE = YES;
				IPHONEOS_DEPLOYMENT_TARGET = 12.0;
				MTL_ENABLE_DEBUG_INFO = NO;
				MTL_FAST_MATH = YES;
				SDKROOT = iphoneos;
				VALIDATE_PRODUCT = YES;
			};
			name = Release;
		};
		DC27B8652181AB6F00FAAB1A /* Debug */ = {
			isa = XCBuildConfiguration;
			buildSettings = {
				ASSETCATALOG_COMPILER_APPICON_NAME = AppIcon;
				CODE_SIGN_STYLE = Automatic;
				INFOPLIST_FILE = VPNDemo/Info.plist;
				LD_RUNPATH_SEARCH_PATHS = (
					"$(inherited)",
					"@executable_path/Frameworks",
				);
				PRODUCT_BUNDLE_IDENTIFIER = com.cxtretar.VPNDemo;
				PRODUCT_NAME = "$(TARGET_NAME)";
				TARGETED_DEVICE_FAMILY = "1,2";
			};
			name = Debug;
		};
		DC27B8662181AB6F00FAAB1A /* Release */ = {
			isa = XCBuildConfiguration;
			buildSettings = {
				ASSETCATALOG_COMPILER_APPICON_NAME = AppIcon;
				CODE_SIGN_STYLE = Automatic;
				INFOPLIST_FILE = VPNDemo/Info.plist;
				LD_RUNPATH_SEARCH_PATHS = (
					"$(inherited)",
					"@executable_path/Frameworks",
				);
				PRODUCT_BUNDLE_IDENTIFIER = com.cxtretar.VPNDemo;
				PRODUCT_NAME = "$(TARGET_NAME)";
				TARGETED_DEVICE_FAMILY = "1,2";
			};
			name = Release;
		};
		DC27B8682181AB6F00FAAB1A /* Debug */ = {
			isa = XCBuildConfiguration;
			buildSettings = {
				BUNDLE_LOADER = "$(TEST_HOST)";
				CODE_SIGN_STYLE = Automatic;
				INFOPLIST_FILE = VPNDemoTests/Info.plist;
				LD_RUNPATH_SEARCH_PATHS = (
					"$(inherited)",
					"@executable_path/Frameworks",
					"@loader_path/Frameworks",
				);
				PRODUCT_BUNDLE_IDENTIFIER = com.cxtretar.VPNDemoTests;
				PRODUCT_NAME = "$(TARGET_NAME)";
				TARGETED_DEVICE_FAMILY = "1,2";
				TEST_HOST = "$(BUILT_PRODUCTS_DIR)/VPNDemo.app/VPNDemo";
			};
			name = Debug;
		};
		DC27B8692181AB6F00FAAB1A /* Release */ = {
			isa = XCBuildConfiguration;
			buildSettings = {
				BUNDLE_LOADER = "$(TEST_HOST)";
				CODE_SIGN_STYLE = Automatic;
				INFOPLIST_FILE = VPNDemoTests/Info.plist;
				LD_RUNPATH_SEARCH_PATHS = (
					"$(inherited)",
					"@executable_path/Frameworks",
					"@loader_path/Frameworks",
				);
				PRODUCT_BUNDLE_IDENTIFIER = com.cxtretar.VPNDemoTests;
				PRODUCT_NAME = "$(TARGET_NAME)";
				TARGETED_DEVICE_FAMILY = "1,2";
				TEST_HOST = "$(BUILT_PRODUCTS_DIR)/VPNDemo.app/VPNDemo";
			};
			name = Release;
		};
		DC27B86B2181AB6F00FAAB1A /* Debug */ = {
			isa = XCBuildConfiguration;
			buildSettings = {
				CODE_SIGN_STYLE = Automatic;
				INFOPLIST_FILE = VPNDemoUITests/Info.plist;
				LD_RUNPATH_SEARCH_PATHS = (
					"$(inherited)",
					"@executable_path/Frameworks",
					"@loader_path/Frameworks",
				);
				PRODUCT_BUNDLE_IDENTIFIER = com.cxtretar.VPNDemoUITests;
				PRODUCT_NAME = "$(TARGET_NAME)";
				TARGETED_DEVICE_FAMILY = "1,2";
				TEST_TARGET_NAME = VPNDemo;
			};
			name = Debug;
		};
		DC27B86C2181AB6F00FAAB1A /* Release */ = {
			isa = XCBuildConfiguration;
			buildSettings = {
				CODE_SIGN_STYLE = Automatic;
				INFOPLIST_FILE = VPNDemoUITests/Info.plist;
				LD_RUNPATH_SEARCH_PATHS = (
					"$(inherited)",
					"@executable_path/Frameworks",
					"@loader_path/Frameworks",
				);
				PRODUCT_BUNDLE_IDENTIFIER = com.cxtretar.VPNDemoUITests;
				PRODUCT_NAME = "$(TARGET_NAME)";
				TARGETED_DEVICE_FAMILY = "1,2";
				TEST_TARGET_NAME = VPNDemo;
			};
			name = Release;
		};
/* End XCBuildConfiguration section */

/* Begin XCConfigurationList section */
		DC27B8332181AB6E00FAAB1A /* Build configuration list for PBXProject "VPNDemo" */ = {
			isa = XCConfigurationList;
			buildConfigurations = (
				DC27B8622181AB6F00FAAB1A /* Debug */,
				DC27B8632181AB6F00FAAB1A /* Release */,
			);
			defaultConfigurationIsVisible = 0;
			defaultConfigurationName = Release;
		};
		DC27B8642181AB6F00FAAB1A /* Build configuration list for PBXNativeTarget "VPNDemo" */ = {
			isa = XCConfigurationList;
			buildConfigurations = (
				DC27B8652181AB6F00FAAB1A /* Debug */,
				DC27B8662181AB6F00FAAB1A /* Release */,
			);
			defaultConfigurationIsVisible = 0;
			defaultConfigurationName = Release;
		};
		DC27B8672181AB6F00FAAB1A /* Build configuration list for PBXNativeTarget "VPNDemoTests" */ = {
			isa = XCConfigurationList;
			buildConfigurations = (
				DC27B8682181AB6F00FAAB1A /* Debug */,
				DC27B8692181AB6F00FAAB1A /* Release */,
			);
			defaultConfigurationIsVisible = 0;
			defaultConfigurationName = Release;
		};
		DC27B86A2181AB6F00FAAB1A /* Build configuration list for PBXNativeTarget "VPNDemoUITests" */ = {
			isa = XCConfigurationList;
			buildConfigurations = (
				DC27B86B2181AB6F00FAAB1A /* Debug */,
				DC27B86C2181AB6F00FAAB1A /* Release */,
			);
			defaultConfigurationIsVisible = 0;
			defaultConfigurationName = Release;
		};
/* End XCConfigurationList section */
	};
	rootObject = DC27B8302181AB6E00FAAB1A /* Project object */;
}
