// !$*UTF8*$!
{
	archiveVersion = 1;
	classes = {
	};
	objectVersion = 50;
	objects = {

/* Begin PBXBuildFile section */
		DCEA723D218F147E0022B016 /* AppDelegate.swift in Sources */ = {isa = PBXBuildFile; fileRef = DCEA723C218F147E0022B016 /* AppDelegate.swift */; };
		DCEA723F218F147E0022B016 /* ViewController.swift in Sources */ = {isa = PBXBuildFile; fileRef = DCEA723E218F147E0022B016 /* ViewController.swift */; };
		DCEA7242218F147E0022B016 /* Main.storyboard in Resources */ = {isa = PBXBuildFile; fileRef = DCEA7240218F147E0022B016 /* Main.storyboard */; };
		DCEA7244218F14800022B016 /* Assets.xcassets in Resources */ = {isa = PBXBuildFile; fileRef = DCEA7243218F14800022B016 /* Assets.xcassets */; };
		DCEA7247218F14800022B016 /* LaunchScreen.storyboard in Resources */ = {isa = PBXBuildFile; fileRef = DCEA7245218F14800022B016 /* LaunchScreen.storyboard */; };
		DCEA7252218F14800022B016 /* VPNDemoTests.swift in Sources */ = {isa = PBXBuildFile; fileRef = DCEA7251218F14800022B016 /* VPNDemoTests.swift */; };
		DCEA725D218F14800022B016 /* VPNDemoUITests.swift in Sources */ = {isa = PBXBuildFile; fileRef = DCEA725C218F14800022B016 /* VPNDemoUITests.swift */; };
/* End PBXBuildFile section */

/* Begin PBXContainerItemProxy section */
		DCEA724E218F14800022B016 /* PBXContainerItemProxy */ = {
			isa = PBXContainerItemProxy;
			containerPortal = DCEA7231218F147E0022B016 /* Project object */;
			proxyType = 1;
			remoteGlobalIDString = DCEA7238218F147E0022B016;
			remoteInfo = VPNDemo;
		};
		DCEA7259218F14800022B016 /* PBXContainerItemProxy */ = {
			isa = PBXContainerItemProxy;
			containerPortal = DCEA7231218F147E0022B016 /* Project object */;
			proxyType = 1;
			remoteGlobalIDString = DCEA7238218F147E0022B016;
			remoteInfo = VPNDemo;
		};
/* End PBXContainerItemProxy section */

/* Begin PBXFileReference section */
		DCEA7239218F147E0022B016 /* VPNDemo.app */ = {isa = PBXFileReference; explicitFileType = wrapper.application; includeInIndex = 0; path = VPNDemo.app; sourceTree = BUILT_PRODUCTS_DIR; };
		DCEA723C218F147E0022B016 /* AppDelegate.swift */ = {isa = PBXFileReference; lastKnownFileType = sourcecode.swift; path = AppDelegate.swift; sourceTree = "<group>"; };
		DCEA723E218F147E0022B016 /* ViewController.swift */ = {isa = PBXFileReference; lastKnownFileType = sourcecode.swift; path = ViewController.swift; sourceTree = "<group>"; };
		DCEA7241218F147E0022B016 /* Base */ = {isa = PBXFileReference; lastKnownFileType = file.storyboard; name = Base; path = Base.lproj/Main.storyboard; sourceTree = "<group>"; };
		DCEA7243218F14800022B016 /* Assets.xcassets */ = {isa = PBXFileReference; lastKnownFileType = folder.assetcatalog; path = Assets.xcassets; sourceTree = "<group>"; };
		DCEA7246218F14800022B016 /* Base */ = {isa = PBXFileReference; lastKnownFileType = file.storyboard; name = Base; path = Base.lproj/LaunchScreen.storyboard; sourceTree = "<group>"; };
		DCEA7248218F14800022B016 /* Info.plist */ = {isa = PBXFileReference; lastKnownFileType = text.plist.xml; path = Info.plist; sourceTree = "<group>"; };
		DCEA724D218F14800022B016 /* VPNDemoTests.xctest */ = {isa = PBXFileReference; explicitFileType = wrapper.cfbundle; includeInIndex = 0; path = VPNDemoTests.xctest; sourceTree = BUILT_PRODUCTS_DIR; };
		DCEA7251218F14800022B016 /* VPNDemoTests.swift */ = {isa = PBXFileReference; lastKnownFileType = sourcecode.swift; path = VPNDemoTests.swift; sourceTree = "<group>"; };
		DCEA7253218F14800022B016 /* Info.plist */ = {isa = PBXFileReference; lastKnownFileType = text.plist.xml; path = Info.plist; sourceTree = "<group>"; };
		DCEA7258218F14800022B016 /* VPNDemoUITests.xctest */ = {isa = PBXFileReference; explicitFileType = wrapper.cfbundle; includeInIndex = 0; path = VPNDemoUITests.xctest; sourceTree = BUILT_PRODUCTS_DIR; };
		DCEA725C218F14800022B016 /* VPNDemoUITests.swift */ = {isa = PBXFileReference; lastKnownFileType = sourcecode.swift; path = VPNDemoUITests.swift; sourceTree = "<group>"; };
		DCEA725E218F14800022B016 /* Info.plist */ = {isa = PBXFileReference; lastKnownFileType = text.plist.xml; path = Info.plist; sourceTree = "<group>"; };
/* End PBXFileReference section */

/* Begin PBXFrameworksBuildPhase section */
		DCEA7236218F147E0022B016 /* Frameworks */ = {
			isa = PBXFrameworksBuildPhase;
			buildActionMask = 2147483647;
			files = (
			);
			runOnlyForDeploymentPostprocessing = 0;
		};
		DCEA724A218F14800022B016 /* Frameworks */ = {
			isa = PBXFrameworksBuildPhase;
			buildActionMask = 2147483647;
			files = (
			);
			runOnlyForDeploymentPostprocessing = 0;
		};
		DCEA7255218F14800022B016 /* Frameworks */ = {
			isa = PBXFrameworksBuildPhase;
			buildActionMask = 2147483647;
			files = (
			);
			runOnlyForDeploymentPostprocessing = 0;
		};
/* End PBXFrameworksBuildPhase section */

/* Begin PBXGroup section */
		DCEA7230218F147E0022B016 = {
			isa = PBXGroup;
			children = (
				DCEA723B218F147E0022B016 /* VPNDemo */,
				DCEA7250218F14800022B016 /* VPNDemoTests */,
				DCEA725B218F14800022B016 /* VPNDemoUITests */,
				DCEA723A218F147E0022B016 /* Products */,
			);
			sourceTree = "<group>";
		};
		DCEA723A218F147E0022B016 /* Products */ = {
			isa = PBXGroup;
			children = (
				DCEA7239218F147E0022B016 /* VPNDemo.app */,
				DCEA724D218F14800022B016 /* VPNDemoTests.xctest */,
				DCEA7258218F14800022B016 /* VPNDemoUITests.xctest */,
			);
			name = Products;
			sourceTree = "<group>";
		};
		DCEA723B218F147E0022B016 /* VPNDemo */ = {
			isa = PBXGroup;
			children = (
				DCEA723C218F147E0022B016 /* AppDelegate.swift */,
				DCEA723E218F147E0022B016 /* ViewController.swift */,
				DCEA7240218F147E0022B016 /* Main.storyboard */,
				DCEA7243218F14800022B016 /* Assets.xcassets */,
				DCEA7245218F14800022B016 /* LaunchScreen.storyboard */,
				DCEA7248218F14800022B016 /* Info.plist */,
			);
			path = VPNDemo;
			sourceTree = "<group>";
		};
		DCEA7250218F14800022B016 /* VPNDemoTests */ = {
			isa = PBXGroup;
			children = (
				DCEA7251218F14800022B016 /* VPNDemoTests.swift */,
				DCEA7253218F14800022B016 /* Info.plist */,
			);
			path = VPNDemoTests;
			sourceTree = "<group>";
		};
		DCEA725B218F14800022B016 /* VPNDemoUITests */ = {
			isa = PBXGroup;
			children = (
				DCEA725C218F14800022B016 /* VPNDemoUITests.swift */,
				DCEA725E218F14800022B016 /* Info.plist */,
			);
			path = VPNDemoUITests;
			sourceTree = "<group>";
		};
/* End PBXGroup section */

/* Begin PBXNativeTarget section */
		DCEA7238218F147E0022B016 /* VPNDemo */ = {
			isa = PBXNativeTarget;
			buildConfigurationList = DCEA7261218F14800022B016 /* Build configuration list for PBXNativeTarget "VPNDemo" */;
			buildPhases = (
				DCEA7235218F147E0022B016 /* Sources */,
				DCEA7236218F147E0022B016 /* Frameworks */,
				DCEA7237218F147E0022B016 /* Resources */,
			);
			buildRules = (
			);
			dependencies = (
			);
			name = VPNDemo;
			productName = VPNDemo;
			productReference = DCEA7239218F147E0022B016 /* VPNDemo.app */;
			productType = "com.apple.product-type.application";
		};
		DCEA724C218F14800022B016 /* VPNDemoTests */ = {
			isa = PBXNativeTarget;
			buildConfigurationList = DCEA7264218F14800022B016 /* Build configuration list for PBXNativeTarget "VPNDemoTests" */;
			buildPhases = (
				DCEA7249218F14800022B016 /* Sources */,
				DCEA724A218F14800022B016 /* Frameworks */,
				DCEA724B218F14800022B016 /* Resources */,
			);
			buildRules = (
			);
			dependencies = (
				DCEA724F218F14800022B016 /* PBXTargetDependency */,
			);
			name = VPNDemoTests;
			productName = VPNDemoTests;
			productReference = DCEA724D218F14800022B016 /* VPNDemoTests.xctest */;
			productType = "com.apple.product-type.bundle.unit-test";
		};
		DCEA7257218F14800022B016 /* VPNDemoUITests */ = {
			isa = PBXNativeTarget;
			buildConfigurationList = DCEA7267218F14800022B016 /* Build configuration list for PBXNativeTarget "VPNDemoUITests" */;
			buildPhases = (
				DCEA7254218F14800022B016 /* Sources */,
				DCEA7255218F14800022B016 /* Frameworks */,
				DCEA7256218F14800022B016 /* Resources */,
			);
			buildRules = (
			);
			dependencies = (
				DCEA725A218F14800022B016 /* PBXTargetDependency */,
			);
			name = VPNDemoUITests;
			productName = VPNDemoUITests;
			productReference = DCEA7258218F14800022B016 /* VPNDemoUITests.xctest */;
			productType = "com.apple.product-type.bundle.ui-testing";
		};
/* End PBXNativeTarget section */

/* Begin PBXProject section */
		DCEA7231218F147E0022B016 /* Project object */ = {
			isa = PBXProject;
			attributes = {
				LastSwiftUpdateCheck = 1000;
				LastUpgradeCheck = 1000;
				ORGANIZATIONNAME = CXTretar;
				TargetAttributes = {
					DCEA7238218F147E0022B016 = {
						CreatedOnToolsVersion = 10.0;
					};
					DCEA724C218F14800022B016 = {
						CreatedOnToolsVersion = 10.0;
						TestTargetID = DCEA7238218F147E0022B016;
					};
					DCEA7257218F14800022B016 = {
						CreatedOnToolsVersion = 10.0;
						TestTargetID = DCEA7238218F147E0022B016;
					};
				};
			};
			buildConfigurationList = DCEA7234218F147E0022B016 /* Build configuration list for PBXProject "VPNDemo" */;
			compatibilityVersion = "Xcode 9.3";
			developmentRegion = en;
			hasScannedForEncodings = 0;
			knownRegions = (
				en,
				Base,
			);
			mainGroup = DCEA7230218F147E0022B016;
			productRefGroup = DCEA723A218F147E0022B016 /* Products */;
			projectDirPath = "";
			projectRoot = "";
			targets = (
				DCEA7238218F147E0022B016 /* VPNDemo */,
				DCEA724C218F14800022B016 /* VPNDemoTests */,
				DCEA7257218F14800022B016 /* VPNDemoUITests */,
			);
		};
/* End PBXProject section */

/* Begin PBXResourcesBuildPhase section */
		DCEA7237218F147E0022B016 /* Resources */ = {
			isa = PBXResourcesBuildPhase;
			buildActionMask = 2147483647;
			files = (
				DCEA7247218F14800022B016 /* LaunchScreen.storyboard in Resources */,
				DCEA7244218F14800022B016 /* Assets.xcassets in Resources */,
				DCEA7242218F147E0022B016 /* Main.storyboard in Resources */,
			);
			runOnlyForDeploymentPostprocessing = 0;
		};
		DCEA724B218F14800022B016 /* Resources */ = {
			isa = PBXResourcesBuildPhase;
			buildActionMask = 2147483647;
			files = (
			);
			runOnlyForDeploymentPostprocessing = 0;
		};
		DCEA7256218F14800022B016 /* Resources */ = {
			isa = PBXResourcesBuildPhase;
			buildActionMask = 2147483647;
			files = (
			);
			runOnlyForDeploymentPostprocessing = 0;
		};
/* End PBXResourcesBuildPhase section */

/* Begin PBXSourcesBuildPhase section */
		DCEA7235218F147E0022B016 /* Sources */ = {
			isa = PBXSourcesBuildPhase;
			buildActionMask = 2147483647;
			files = (
				DCEA723F218F147E0022B016 /* ViewController.swift in Sources */,
				DCEA723D218F147E0022B016 /* AppDelegate.swift in Sources */,
			);
			runOnlyForDeploymentPostprocessing = 0;
		};
		DCEA7249218F14800022B016 /* Sources */ = {
			isa = PBXSourcesBuildPhase;
			buildActionMask = 2147483647;
			files = (
				DCEA7252218F14800022B016 /* VPNDemoTests.swift in Sources */,
			);
			runOnlyForDeploymentPostprocessing = 0;
		};
		DCEA7254218F14800022B016 /* Sources */ = {
			isa = PBXSourcesBuildPhase;
			buildActionMask = 2147483647;
			files = (
				DCEA725D218F14800022B016 /* VPNDemoUITests.swift in Sources */,
			);
			runOnlyForDeploymentPostprocessing = 0;
		};
/* End PBXSourcesBuildPhase section */

/* Begin PBXTargetDependency section */
		DCEA724F218F14800022B016 /* PBXTargetDependency */ = {
			isa = PBXTargetDependency;
			target = DCEA7238218F147E0022B016 /* VPNDemo */;
			targetProxy = DCEA724E218F14800022B016 /* PBXContainerItemProxy */;
		};
		DCEA725A218F14800022B016 /* PBXTargetDependency */ = {
			isa = PBXTargetDependency;
			target = DCEA7238218F147E0022B016 /* VPNDemo */;
			targetProxy = DCEA7259218F14800022B016 /* PBXContainerItemProxy */;
		};
/* End PBXTargetDependency section */

/* Begin PBXVariantGroup section */
		DCEA7240218F147E0022B016 /* Main.storyboard */ = {
			isa = PBXVariantGroup;
			children = (
				DCEA7241218F147E0022B016 /* Base */,
			);
			name = Main.storyboard;
			sourceTree = "<group>";
		};
		DCEA7245218F14800022B016 /* LaunchScreen.storyboard */ = {
			isa = PBXVariantGroup;
			children = (
				DCEA7246218F14800022B016 /* Base */,
			);
			name = LaunchScreen.storyboard;
			sourceTree = "<group>";
		};
/* End PBXVariantGroup section */

/* Begin XCBuildConfiguration section */
		DCEA725F218F14800022B016 /* Debug */ = {
			isa = XCBuildConfiguration;
			buildSettings = {
				ALWAYS_SEARCH_USER_PATHS = NO;
				CLANG_ANALYZER_NONNULL = YES;
				CLANG_ANALYZER_NUMBER_OBJECT_CONVERSION = YES_AGGRESSIVE;
				CLANG_CXX_LANGUAGE_STANDARD = "gnu++14";
				CLANG_CXX_LIBRARY = "libc++";
				CLANG_ENABLE_MODULES = YES;
				CLANG_ENABLE_OBJC_ARC = YES;
				CLANG_ENABLE_OBJC_WEAK = YES;
				CLANG_WARN_BLOCK_CAPTURE_AUTORELEASING = YES;
				CLANG_WARN_BOOL_CONVERSION = YES;
				CLANG_WARN_COMMA = YES;
				CLANG_WARN_CONSTANT_CONVERSION = YES;
				CLANG_WARN_DEPRECATED_OBJC_IMPLEMENTATIONS = YES;
				CLANG_WARN_DIRECT_OBJC_ISA_USAGE = YES_ERROR;
				CLANG_WARN_DOCUMENTATION_COMMENTS = YES;
				CLANG_WARN_EMPTY_BODY = YES;
				CLANG_WARN_ENUM_CONVERSION = YES;
				CLANG_WARN_INFINITE_RECURSION = YES;
				CLANG_WARN_INT_CONVERSION = YES;
				CLANG_WARN_NON_LITERAL_NULL_CONVERSION = YES;
				CLANG_WARN_OBJC_IMPLICIT_RETAIN_SELF = YES;
				CLANG_WARN_OBJC_LITERAL_CONVERSION = YES;
				CLANG_WARN_OBJC_ROOT_CLASS = YES_ERROR;
				CLANG_WARN_RANGE_LOOP_ANALYSIS = YES;
				CLANG_WARN_STRICT_PROTOTYPES = YES;
				CLANG_WARN_SUSPICIOUS_MOVE = YES;
				CLANG_WARN_UNGUARDED_AVAILABILITY = YES_AGGRESSIVE;
				CLANG_WARN_UNREACHABLE_CODE = YES;
				CLANG_WARN__DUPLICATE_METHOD_MATCH = YES;
				CODE_SIGN_IDENTITY = "iPhone Developer";
				COPY_PHASE_STRIP = NO;
				DEBUG_INFORMATION_FORMAT = dwarf;
				ENABLE_STRICT_OBJC_MSGSEND = YES;
				ENABLE_TESTABILITY = YES;
				GCC_C_LANGUAGE_STANDARD = gnu11;
				GCC_DYNAMIC_NO_PIC = NO;
				GCC_NO_COMMON_BLOCKS = YES;
				GCC_OPTIMIZATION_LEVEL = 0;
				GCC_PREPROCESSOR_DEFINITIONS = (
					"DEBUG=1",
					"$(inherited)",
				);
				GCC_WARN_64_TO_32_BIT_CONVERSION = YES;
				GCC_WARN_ABOUT_RETURN_TYPE = YES_ERROR;
				GCC_WARN_UNDECLARED_SELECTOR = YES;
				GCC_WARN_UNINITIALIZED_AUTOS = YES_AGGRESSIVE;
				GCC_WARN_UNUSED_FUNCTION = YES;
				GCC_WARN_UNUSED_VARIABLE = YES;
				IPHONEOS_DEPLOYMENT_TARGET = 12.0;
				MTL_ENABLE_DEBUG_INFO = INCLUDE_SOURCE;
				MTL_FAST_MATH = YES;
				ONLY_ACTIVE_ARCH = YES;
				SDKROOT = iphoneos;
				SWIFT_ACTIVE_COMPILATION_CONDITIONS = DEBUG;
				SWIFT_OPTIMIZATION_LEVEL = "-Onone";
			};
			name = Debug;
		};
		DCEA7260218F14800022B016 /* Release */ = {
			isa = XCBuildConfiguration;
			buildSettings = {
				ALWAYS_SEARCH_USER_PATHS = NO;
				CLANG_ANALYZER_NONNULL = YES;
				CLANG_ANALYZER_NUMBER_OBJECT_CONVERSION = YES_AGGRESSIVE;
				CLANG_CXX_LANGUAGE_STANDARD = "gnu++14";
				CLANG_CXX_LIBRARY = "libc++";
				CLANG_ENABLE_MODULES = YES;
				CLANG_ENABLE_OBJC_ARC = YES;
				CLANG_ENABLE_OBJC_WEAK = YES;
				CLANG_WARN_BLOCK_CAPTURE_AUTORELEASING = YES;
				CLANG_WARN_BOOL_CONVERSION = YES;
				CLANG_WARN_COMMA = YES;
				CLANG_WARN_CONSTANT_CONVERSION = YES;
				CLANG_WARN_DEPRECATED_OBJC_IMPLEMENTATIONS = YES;
				CLANG_WARN_DIRECT_OBJC_ISA_USAGE = YES_ERROR;
				CLANG_WARN_DOCUMENTATION_COMMENTS = YES;
				CLANG_WARN_EMPTY_BODY = YES;
				CLANG_WARN_ENUM_CONVERSION = YES;
				CLANG_WARN_INFINITE_RECURSION = YES;
				CLANG_WARN_INT_CONVERSION = YES;
				CLANG_WARN_NON_LITERAL_NULL_CONVERSION = YES;
				CLANG_WARN_OBJC_IMPLICIT_RETAIN_SELF = YES;
				CLANG_WARN_OBJC_LITERAL_CONVERSION = YES;
				CLANG_WARN_OBJC_ROOT_CLASS = YES_ERROR;
				CLANG_WARN_RANGE_LOOP_ANALYSIS = YES;
				CLANG_WARN_STRICT_PROTOTYPES = YES;
				CLANG_WARN_SUSPICIOUS_MOVE = YES;
				CLANG_WARN_UNGUARDED_AVAILABILITY = YES_AGGRESSIVE;
				CLANG_WARN_UNREACHABLE_CODE = YES;
				CLANG_WARN__DUPLICATE_METHOD_MATCH = YES;
				CODE_SIGN_IDENTITY = "iPhone Developer";
				COPY_PHASE_STRIP = NO;
				DEBUG_INFORMATION_FORMAT = "dwarf-with-dsym";
				ENABLE_NS_ASSERTIONS = NO;
				ENABLE_STRICT_OBJC_MSGSEND = YES;
				GCC_C_LANGUAGE_STANDARD = gnu11;
				GCC_NO_COMMON_BLOCKS = YES;
				GCC_WARN_64_TO_32_BIT_CONVERSION = YES;
				GCC_WARN_ABOUT_RETURN_TYPE = YES_ERROR;
				GCC_WARN_UNDECLARED_SELECTOR = YES;
				GCC_WARN_UNINITIALIZED_AUTOS = YES_AGGRESSIVE;
				GCC_WARN_UNUSED_FUNCTION = YES;
				GCC_WARN_UNUSED_VARIABLE = YES;
				IPHONEOS_DEPLOYMENT_TARGET = 12.0;
				MTL_ENABLE_DEBUG_INFO = NO;
				MTL_FAST_MATH = YES;
				SDKROOT = iphoneos;
				SWIFT_COMPILATION_MODE = wholemodule;
				SWIFT_OPTIMIZATION_LEVEL = "-O";
				VALIDATE_PRODUCT = YES;
			};
			name = Release;
		};
		DCEA7262218F14800022B016 /* Debug */ = {
			isa = XCBuildConfiguration;
			buildSettings = {
				ASSETCATALOG_COMPILER_APPICON_NAME = AppIcon;
				CODE_SIGN_STYLE = Automatic;
				INFOPLIST_FILE = VPNDemo/Info.plist;
				IPHONEOS_DEPLOYMENT_TARGET = 9.0;
				LD_RUNPATH_SEARCH_PATHS = (
					"$(inherited)",
					"@executable_path/Frameworks",
				);
				PRODUCT_BUNDLE_IDENTIFIER = com.cxtretar.VPNDemo;
				PRODUCT_NAME = "$(TARGET_NAME)";
				SWIFT_VERSION = 4.2;
				TARGETED_DEVICE_FAMILY = "1,2";
			};
			name = Debug;
		};
		DCEA7263218F14800022B016 /* Release */ = {
			isa = XCBuildConfiguration;
			buildSettings = {
				ASSETCATALOG_COMPILER_APPICON_NAME = AppIcon;
				CODE_SIGN_STYLE = Automatic;
				INFOPLIST_FILE = VPNDemo/Info.plist;
				IPHONEOS_DEPLOYMENT_TARGET = 9.0;
				LD_RUNPATH_SEARCH_PATHS = (
					"$(inherited)",
					"@executable_path/Frameworks",
				);
				PRODUCT_BUNDLE_IDENTIFIER = com.cxtretar.VPNDemo;
				PRODUCT_NAME = "$(TARGET_NAME)";
				SWIFT_VERSION = 4.2;
				TARGETED_DEVICE_FAMILY = "1,2";
			};
			name = Release;
		};
		DCEA7265218F14800022B016 /* Debug */ = {
			isa = XCBuildConfiguration;
			buildSettings = {
				ALWAYS_EMBED_SWIFT_STANDARD_LIBRARIES = YES;
				BUNDLE_LOADER = "$(TEST_HOST)";
				CODE_SIGN_STYLE = Automatic;
				INFOPLIST_FILE = VPNDemoTests/Info.plist;
				LD_RUNPATH_SEARCH_PATHS = (
					"$(inherited)",
					"@executable_path/Frameworks",
					"@loader_path/Frameworks",
				);
				PRODUCT_BUNDLE_IDENTIFIER = com.cxtretar.VPNDemoTests;
				PRODUCT_NAME = "$(TARGET_NAME)";
				SWIFT_VERSION = 4.2;
				TARGETED_DEVICE_FAMILY = "1,2";
				TEST_HOST = "$(BUILT_PRODUCTS_DIR)/VPNDemo.app/VPNDemo";
			};
			name = Debug;
		};
		DCEA7266218F14800022B016 /* Release */ = {
			isa = XCBuildConfiguration;
			buildSettings = {
				ALWAYS_EMBED_SWIFT_STANDARD_LIBRARIES = YES;
				BUNDLE_LOADER = "$(TEST_HOST)";
				CODE_SIGN_STYLE = Automatic;
				INFOPLIST_FILE = VPNDemoTests/Info.plist;
				LD_RUNPATH_SEARCH_PATHS = (
					"$(inherited)",
					"@executable_path/Frameworks",
					"@loader_path/Frameworks",
				);
				PRODUCT_BUNDLE_IDENTIFIER = com.cxtretar.VPNDemoTests;
				PRODUCT_NAME = "$(TARGET_NAME)";
				SWIFT_VERSION = 4.2;
				TARGETED_DEVICE_FAMILY = "1,2";
				TEST_HOST = "$(BUILT_PRODUCTS_DIR)/VPNDemo.app/VPNDemo";
			};
			name = Release;
		};
		DCEA7268218F14800022B016 /* Debug */ = {
			isa = XCBuildConfiguration;
			buildSettings = {
				ALWAYS_EMBED_SWIFT_STANDARD_LIBRARIES = YES;
				CODE_SIGN_STYLE = Automatic;
				INFOPLIST_FILE = VPNDemoUITests/Info.plist;
				LD_RUNPATH_SEARCH_PATHS = (
					"$(inherited)",
					"@executable_path/Frameworks",
					"@loader_path/Frameworks",
				);
				PRODUCT_BUNDLE_IDENTIFIER = com.cxtretar.VPNDemoUITests;
				PRODUCT_NAME = "$(TARGET_NAME)";
				SWIFT_VERSION = 4.2;
				TARGETED_DEVICE_FAMILY = "1,2";
				TEST_TARGET_NAME = VPNDemo;
			};
			name = Debug;
		};
		DCEA7269218F14800022B016 /* Release */ = {
			isa = XCBuildConfiguration;
			buildSettings = {
				ALWAYS_EMBED_SWIFT_STANDARD_LIBRARIES = YES;
				CODE_SIGN_STYLE = Automatic;
				INFOPLIST_FILE = VPNDemoUITests/Info.plist;
				LD_RUNPATH_SEARCH_PATHS = (
					"$(inherited)",
					"@executable_path/Frameworks",
					"@loader_path/Frameworks",
				);
				PRODUCT_BUNDLE_IDENTIFIER = com.cxtretar.VPNDemoUITests;
				PRODUCT_NAME = "$(TARGET_NAME)";
				SWIFT_VERSION = 4.2;
				TARGETED_DEVICE_FAMILY = "1,2";
				TEST_TARGET_NAME = VPNDemo;
			};
			name = Release;
		};
/* End XCBuildConfiguration section */

/* Begin XCConfigurationList section */
		DCEA7234218F147E0022B016 /* Build configuration list for PBXProject "VPNDemo" */ = {
			isa = XCConfigurationList;
			buildConfigurations = (
				DCEA725F218F14800022B016 /* Debug */,
				DCEA7260218F14800022B016 /* Release */,
			);
			defaultConfigurationIsVisible = 0;
			defaultConfigurationName = Release;
		};
		DCEA7261218F14800022B016 /* Build configuration list for PBXNativeTarget "VPNDemo" */ = {
			isa = XCConfigurationList;
			buildConfigurations = (
				DCEA7262218F14800022B016 /* Debug */,
				DCEA7263218F14800022B016 /* Release */,
			);
			defaultConfigurationIsVisible = 0;
			defaultConfigurationName = Release;
		};
		DCEA7264218F14800022B016 /* Build configuration list for PBXNativeTarget "VPNDemoTests" */ = {
			isa = XCConfigurationList;
			buildConfigurations = (
				DCEA7265218F14800022B016 /* Debug */,
				DCEA7266218F14800022B016 /* Release */,
			);
			defaultConfigurationIsVisible = 0;
			defaultConfigurationName = Release;
		};
		DCEA7267218F14800022B016 /* Build configuration list for PBXNativeTarget "VPNDemoUITests" */ = {
			isa = XCConfigurationList;
			buildConfigurations = (
				DCEA7268218F14800022B016 /* Debug */,
				DCEA7269218F14800022B016 /* Release */,
			);
			defaultConfigurationIsVisible = 0;
			defaultConfigurationName = Release;
		};
/* End XCConfigurationList section */
	};
	rootObject = DCEA7231218F147E0022B016 /* Project object */;
}
