// !$*UTF8*$!
{
	archiveVersion = 1;
	classes = {
	};
	objectVersion = 48;
	objects = {

/* Begin PBXBuildFile section */
		DCBB3B252043D507009559F2 /* AppDelegate.m in Sources */ = {isa = PBXBuildFile; fileRef = DCBB3B242043D507009559F2 /* AppDelegate.m */; };
		DCBB3B282043D507009559F2 /* ViewController.m in Sources */ = {isa = PBXBuildFile; fileRef = DCBB3B272043D507009559F2 /* ViewController.m */; };
		DCBB3B2B2043D507009559F2 /* Main.storyboard in Resources */ = {isa = PBXBuildFile; fileRef = DCBB3B292043D507009559F2 /* Main.storyboard */; };
		DCBB3B2D2043D507009559F2 /* Assets.xcassets in Resources */ = {isa = PBXBuildFile; fileRef = DCBB3B2C2043D507009559F2 /* Assets.xcassets */; };
		DCBB3B302043D507009559F2 /* LaunchScreen.storyboard in Resources */ = {isa = PBXBuildFile; fileRef = DCBB3B2E2043D507009559F2 /* LaunchScreen.storyboard */; };
		DCBB3B332043D507009559F2 /* main.m in Sources */ = {isa = PBXBuildFile; fileRef = DCBB3B322043D507009559F2 /* main.m */; };
		DCBB3B3B2043D890009559F2 /* NSObject+NetworkStateOrRSSI.m in Sources */ = {isa = PBXBuildFile; fileRef = DCBB3B392043D890009559F2 /* NSObject+NetworkStateOrRSSI.m */; };
		DCBB3B422043FB89009559F2 /* NetworkExtension.framework in Frameworks */ = {isa = PBXBuildFile; fileRef = DCBB3B412043FB88009559F2 /* NetworkExtension.framework */; };
/* End PBXBuildFile section */

/* Begin PBXFileReference section */
		DCBB3B202043D507009559F2 /* VPNDemo.app */ = {isa = PBXFileReference; explicitFileType = wrapper.application; includeInIndex = 0; path = VPNDemo.app; sourceTree = BUILT_PRODUCTS_DIR; };
		DCBB3B232043D507009559F2 /* AppDelegate.h */ = {isa = PBXFileReference; lastKnownFileType = sourcecode.c.h; path = AppDelegate.h; sourceTree = "<group>"; };
		DCBB3B242043D507009559F2 /* AppDelegate.m */ = {isa = PBXFileReference; lastKnownFileType = sourcecode.c.objc; path = AppDelegate.m; sourceTree = "<group>"; };
		DCBB3B262043D507009559F2 /* ViewController.h */ = {isa = PBXFileReference; lastKnownFileType = sourcecode.c.h; path = ViewController.h; sourceTree = "<group>"; };
		DCBB3B272043D507009559F2 /* ViewController.m */ = {isa = PBXFileReference; lastKnownFileType = sourcecode.c.objc; path = ViewController.m; sourceTree = "<group>"; };
		DCBB3B2A2043D507009559F2 /* Base */ = {isa = PBXFileReference; lastKnownFileType = file.storyboard; name = Base; path = Base.lproj/Main.storyboard; sourceTree = "<group>"; };
		DCBB3B2C2043D507009559F2 /* Assets.xcassets */ = {isa = PBXFileReference; lastKnownFileType = folder.assetcatalog; path = Assets.xcassets; sourceTree = "<group>"; };
		DCBB3B2F2043D507009559F2 /* Base */ = {isa = PBXFileReference; lastKnownFileType = file.storyboard; name = Base; path = Base.lproj/LaunchScreen.storyboard; sourceTree = "<group>"; };
		DCBB3B312043D507009559F2 /* Info.plist */ = {isa = PBXFileReference; lastKnownFileType = text.plist.xml; path = Info.plist; sourceTree = "<group>"; };
		DCBB3B322043D507009559F2 /* main.m */ = {isa = PBXFileReference; lastKnownFileType = sourcecode.c.objc; path = main.m; sourceTree = "<group>"; };
		DCBB3B392043D890009559F2 /* NSObject+NetworkStateOrRSSI.m */ = {isa = PBXFileReference; fileEncoding = 4; lastKnownFileType = sourcecode.c.objc; path = "NSObject+NetworkStateOrRSSI.m"; sourceTree = "<group>"; };
		DCBB3B3A2043D890009559F2 /* NSObject+NetworkStateOrRSSI.h */ = {isa = PBXFileReference; fileEncoding = 4; lastKnownFileType = sourcecode.c.h; path = "NSObject+NetworkStateOrRSSI.h"; sourceTree = "<group>"; };
		DCBB3B412043FB88009559F2 /* NetworkExtension.framework */ = {isa = PBXFileReference; lastKnownFileType = wrapper.framework; name = NetworkExtension.framework; path = System/Library/Frameworks/NetworkExtension.framework; sourceTree = SDKROOT; };
		DCBB3B432043FB89009559F2 /* VPNDemo.entitlements */ = {isa = PBXFileReference; lastKnownFileType = text.plist.entitlements; path = VPNDemo.entitlements; sourceTree = "<group>"; };
/* End PBXFileReference section */

/* Begin PBXFrameworksBuildPhase section */
		DCBB3B1D2043D507009559F2 /* Frameworks */ = {
			isa = PBXFrameworksBuildPhase;
			buildActionMask = 2147483647;
			files = (
				DCBB3B422043FB89009559F2 /* NetworkExtension.framework in Frameworks */,
			);
			runOnlyForDeploymentPostprocessing = 0;
		};
/* End PBXFrameworksBuildPhase section */

/* Begin PBXGroup section */
		DCBB3B172043D507009559F2 = {
			isa = PBXGroup;
			children = (
				DCBB3B222043D507009559F2 /* VPNDemo */,
				DCBB3B212043D507009559F2 /* Products */,
				DCBB3B402043FB88009559F2 /* Frameworks */,
			);
			sourceTree = "<group>";
		};
		DCBB3B212043D507009559F2 /* Products */ = {
			isa = PBXGroup;
			children = (
				DCBB3B202043D507009559F2 /* VPNDemo.app */,
			);
			name = Products;
			sourceTree = "<group>";
		};
		DCBB3B222043D507009559F2 /* VPNDemo */ = {
			isa = PBXGroup;
			children = (
				DCBB3B432043FB89009559F2 /* VPNDemo.entitlements */,
				DCBB3B232043D507009559F2 /* AppDelegate.h */,
				DCBB3B242043D507009559F2 /* AppDelegate.m */,
				DCBB3B262043D507009559F2 /* ViewController.h */,
				DCBB3B272043D507009559F2 /* ViewController.m */,
				DCBB3B3A2043D890009559F2 /* NSObject+NetworkStateOrRSSI.h */,
				DCBB3B392043D890009559F2 /* NSObject+NetworkStateOrRSSI.m */,
				DCBB3B292043D507009559F2 /* Main.storyboard */,
				DCBB3B2C2043D507009559F2 /* Assets.xcassets */,
				DCBB3B2E2043D507009559F2 /* LaunchScreen.storyboard */,
				DCBB3B312043D507009559F2 /* Info.plist */,
				DCBB3B322043D507009559F2 /* main.m */,
			);
			path = VPNDemo;
			sourceTree = "<group>";
		};
		DCBB3B402043FB88009559F2 /* Frameworks */ = {
			isa = PBXGroup;
			children = (
				DCBB3B412043FB88009559F2 /* NetworkExtension.framework */,
			);
			name = Frameworks;
			sourceTree = "<group>";
		};
/* End PBXGroup section */

/* Begin PBXNativeTarget section */
		DCBB3B1F2043D507009559F2 /* VPNDemo */ = {
			isa = PBXNativeTarget;
			buildConfigurationList = DCBB3B362043D507009559F2 /* Build configuration list for PBXNativeTarget "VPNDemo" */;
			buildPhases = (
				DCBB3B1C2043D507009559F2 /* Sources */,
				DCBB3B1D2043D507009559F2 /* Frameworks */,
				DCBB3B1E2043D507009559F2 /* Resources */,
			);
			buildRules = (
			);
			dependencies = (
			);
			name = VPNDemo;
			productName = VPNDemo;
			productReference = DCBB3B202043D507009559F2 /* VPNDemo.app */;
			productType = "com.apple.product-type.application";
		};
/* End PBXNativeTarget section */

/* Begin PBXProject section */
		DCBB3B182043D507009559F2 /* Project object */ = {
			isa = PBXProject;
			attributes = {
				LastUpgradeCheck = 0920;
				ORGANIZATIONNAME = Felix;
				TargetAttributes = {
					DCBB3B1F2043D507009559F2 = {
						CreatedOnToolsVersion = 9.2;
						ProvisioningStyle = Automatic;
						SystemCapabilities = {
							com.apple.VPNLite = {
								enabled = 1;
							};
						};
					};
				};
			};
			buildConfigurationList = DCBB3B1B2043D507009559F2 /* Build configuration list for PBXProject "VPNDemo" */;
			compatibilityVersion = "Xcode 8.0";
			developmentRegion = en;
			hasScannedForEncodings = 0;
			knownRegions = (
				en,
				Base,
			);
			mainGroup = DCBB3B172043D507009559F2;
			productRefGroup = DCBB3B212043D507009559F2 /* Products */;
			projectDirPath = "";
			projectRoot = "";
			targets = (
				DCBB3B1F2043D507009559F2 /* VPNDemo */,
			);
		};
/* End PBXProject section */

/* Begin PBXResourcesBuildPhase section */
		DCBB3B1E2043D507009559F2 /* Resources */ = {
			isa = PBXResourcesBuildPhase;
			buildActionMask = 2147483647;
			files = (
				DCBB3B302043D507009559F2 /* LaunchScreen.storyboard in Resources */,
				DCBB3B2D2043D507009559F2 /* Assets.xcassets in Resources */,
				DCBB3B2B2043D507009559F2 /* Main.storyboard in Resources */,
			);
			runOnlyForDeploymentPostprocessing = 0;
		};
/* End PBXResourcesBuildPhase section */

/* Begin PBXSourcesBuildPhase section */
		DCBB3B1C2043D507009559F2 /* Sources */ = {
			isa = PBXSourcesBuildPhase;
			buildActionMask = 2147483647;
			files = (
				DCBB3B3B2043D890009559F2 /* NSObject+NetworkStateOrRSSI.m in Sources */,
				DCBB3B282043D507009559F2 /* ViewController.m in Sources */,
				DCBB3B332043D507009559F2 /* main.m in Sources */,
				DCBB3B252043D507009559F2 /* AppDelegate.m in Sources */,
			);
			runOnlyForDeploymentPostprocessing = 0;
		};
/* End PBXSourcesBuildPhase section */

/* Begin PBXVariantGroup section */
		DCBB3B292043D507009559F2 /* Main.storyboard */ = {
			isa = PBXVariantGroup;
			children = (
				DCBB3B2A2043D507009559F2 /* Base */,
			);
			name = Main.storyboard;
			sourceTree = "<group>";
		};
		DCBB3B2E2043D507009559F2 /* LaunchScreen.storyboard */ = {
			isa = PBXVariantGroup;
			children = (
				DCBB3B2F2043D507009559F2 /* Base */,
			);
			name = LaunchScreen.storyboard;
			sourceTree = "<group>";
		};
/* End PBXVariantGroup section */

/* Begin XCBuildConfiguration section */
		DCBB3B342043D507009559F2 /* Debug */ = {
			isa = XCBuildConfiguration;
			buildSettings = {
				ALWAYS_SEARCH_USER_PATHS = NO;
				CLANG_ANALYZER_NONNULL = YES;
				CLANG_ANALYZER_NUMBER_OBJECT_CONVERSION = YES_AGGRESSIVE;
				CLANG_CXX_LANGUAGE_STANDARD = "gnu++14";
				CLANG_CXX_LIBRARY = "libc++";
				CLANG_ENABLE_MODULES = YES;
				CLANG_ENABLE_OBJC_ARC = YES;
				CLANG_WARN_BLOCK_CAPTURE_AUTORELEASING = YES;
				CLANG_WARN_BOOL_CONVERSION = YES;
				CLANG_WARN_COMMA = YES;
				CLANG_WARN_CONSTANT_CONVERSION = YES;
				CLANG_WARN_DIRECT_OBJC_ISA_USAGE = YES_ERROR;
				CLANG_WARN_DOCUMENTATION_COMMENTS = YES;
				CLANG_WARN_EMPTY_BODY = YES;
				CLANG_WARN_ENUM_CONVERSION = YES;
				CLANG_WARN_INFINITE_RECURSION = YES;
				CLANG_WARN_INT_CONVERSION = YES;
				CLANG_WARN_NON_LITERAL_NULL_CONVERSION = YES;
				CLANG_WARN_OBJC_LITERAL_CONVERSION = YES;
				CLANG_WARN_OBJC_ROOT_CLASS = YES_ERROR;
				CLANG_WARN_RANGE_LOOP_ANALYSIS = YES;
				CLANG_WARN_STRICT_PROTOTYPES = YES;
				CLANG_WARN_SUSPICIOUS_MOVE = YES;
				CLANG_WARN_UNGUARDED_AVAILABILITY = YES_AGGRESSIVE;
				CLANG_WARN_UNREACHABLE_CODE = YES;
				CLANG_WARN__DUPLICATE_METHOD_MATCH = YES;
				CODE_SIGN_IDENTITY = "iPhone Developer";
				COPY_PHASE_STRIP = NO;
				DEBUG_INFORMATION_FORMAT = dwarf;
				ENABLE_STRICT_OBJC_MSGSEND = YES;
				ENABLE_TESTABILITY = YES;
				GCC_C_LANGUAGE_STANDARD = gnu11;
				GCC_DYNAMIC_NO_PIC = NO;
				GCC_NO_COMMON_BLOCKS = YES;
				GCC_OPTIMIZATION_LEVEL = 0;
				GCC_PREPROCESSOR_DEFINITIONS = (
					"DEBUG=1",
					"$(inherited)",
				);
				GCC_WARN_64_TO_32_BIT_CONVERSION = YES;
				GCC_WARN_ABOUT_RETURN_TYPE = YES_ERROR;
				GCC_WARN_UNDECLARED_SELECTOR = YES;
				GCC_WARN_UNINITIALIZED_AUTOS = YES_AGGRESSIVE;
				GCC_WARN_UNUSED_FUNCTION = YES;
				GCC_WARN_UNUSED_VARIABLE = YES;
				IPHONEOS_DEPLOYMENT_TARGET = 11.2;
				MTL_ENABLE_DEBUG_INFO = YES;
				ONLY_ACTIVE_ARCH = YES;
				SDKROOT = iphoneos;
			};
			name = Debug;
		};
		DCBB3B352043D507009559F2 /* Release */ = {
			isa = XCBuildConfiguration;
			buildSettings = {
				ALWAYS_SEARCH_USER_PATHS = NO;
				CLANG_ANALYZER_NONNULL = YES;
				CLANG_ANALYZER_NUMBER_OBJECT_CONVERSION = YES_AGGRESSIVE;
				CLANG_CXX_LANGUAGE_STANDARD = "gnu++14";
				CLANG_CXX_LIBRARY = "libc++";
				CLANG_ENABLE_MODULES = YES;
				CLANG_ENABLE_OBJC_ARC = YES;
				CLANG_WARN_BLOCK_CAPTURE_AUTORELEASING = YES;
				CLANG_WARN_BOOL_CONVERSION = YES;
				CLANG_WARN_COMMA = YES;
				CLANG_WARN_CONSTANT_CONVERSION = YES;
				CLANG_WARN_DIRECT_OBJC_ISA_USAGE = YES_ERROR;
				CLANG_WARN_DOCUMENTATION_COMMENTS = YES;
				CLANG_WARN_EMPTY_BODY = YES;
				CLANG_WARN_ENUM_CONVERSION = YES;
				CLANG_WARN_INFINITE_RECURSION = YES;
				CLANG_WARN_INT_CONVERSION = YES;
				CLANG_WARN_NON_LITERAL_NULL_CONVERSION = YES;
				CLANG_WARN_OBJC_LITERAL_CONVERSION = YES;
				CLANG_WARN_OBJC_ROOT_CLASS = YES_ERROR;
				CLANG_WARN_RANGE_LOOP_ANALYSIS = YES;
				CLANG_WARN_STRICT_PROTOTYPES = YES;
				CLANG_WARN_SUSPICIOUS_MOVE = YES;
				CLANG_WARN_UNGUARDED_AVAILABILITY = YES_AGGRESSIVE;
				CLANG_WARN_UNREACHABLE_CODE = YES;
				CLANG_WARN__DUPLICATE_METHOD_MATCH = YES;
				CODE_SIGN_IDENTITY = "iPhone Developer";
				COPY_PHASE_STRIP = NO;
				DEBUG_INFORMATION_FORMAT = "dwarf-with-dsym";
				ENABLE_NS_ASSERTIONS = NO;
				ENABLE_STRICT_OBJC_MSGSEND = YES;
				GCC_C_LANGUAGE_STANDARD = gnu11;
				GCC_NO_COMMON_BLOCKS = YES;
				GCC_WARN_64_TO_32_BIT_CONVERSION = YES;
				GCC_WARN_ABOUT_RETURN_TYPE = YES_ERROR;
				GCC_WARN_UNDECLARED_SELECTOR = YES;
				GCC_WARN_UNINITIALIZED_AUTOS = YES_AGGRESSIVE;
				GCC_WARN_UNUSED_FUNCTION = YES;
				GCC_WARN_UNUSED_VARIABLE = YES;
				IPHONEOS_DEPLOYMENT_TARGET = 11.2;
				MTL_ENABLE_DEBUG_INFO = NO;
				SDKROOT = iphoneos;
				VALIDATE_PRODUCT = YES;
			};
			name = Release;
		};
		DCBB3B372043D507009559F2 /* Debug */ = {
			isa = XCBuildConfiguration;
			buildSettings = {
				ASSETCATALOG_COMPILER_APPICON_NAME = AppIcon;
				CODE_SIGN_ENTITLEMENTS = VPNDemo/VPNDemo.entitlements;
				CODE_SIGN_STYLE = Automatic;
				DEVELOPMENT_TEAM = 2EH3A6D28N;
				INFOPLIST_FILE = VPNDemo/Info.plist;
				LD_RUNPATH_SEARCH_PATHS = "$(inherited) @executable_path/Frameworks";
				PRODUCT_BUNDLE_IDENTIFIER = com.maikoo.VPNDemo;
				PRODUCT_NAME = "$(TARGET_NAME)";
				TARGETED_DEVICE_FAMILY = "1,2";
			};
			name = Debug;
		};
		DCBB3B382043D507009559F2 /* Release */ = {
			isa = XCBuildConfiguration;
			buildSettings = {
				ASSETCATALOG_COMPILER_APPICON_NAME = AppIcon;
				CODE_SIGN_ENTITLEMENTS = VPNDemo/VPNDemo.entitlements;
				CODE_SIGN_STYLE = Automatic;
				DEVELOPMENT_TEAM = 2EH3A6D28N;
				INFOPLIST_FILE = VPNDemo/Info.plist;
				LD_RUNPATH_SEARCH_PATHS = "$(inherited) @executable_path/Frameworks";
				PRODUCT_BUNDLE_IDENTIFIER = com.maikoo.VPNDemo;
				PRODUCT_NAME = "$(TARGET_NAME)";
				TARGETED_DEVICE_FAMILY = "1,2";
			};
			name = Release;
		};
/* End XCBuildConfiguration section */

/* Begin XCConfigurationList section */
		DCBB3B1B2043D507009559F2 /* Build configuration list for PBXProject "VPNDemo" */ = {
			isa = XCConfigurationList;
			buildConfigurations = (
				DCBB3B342043D507009559F2 /* Debug */,
				DCBB3B352043D507009559F2 /* Release */,
			);
			defaultConfigurationIsVisible = 0;
			defaultConfigurationName = Release;
		};
		DCBB3B362043D507009559F2 /* Build configuration list for PBXNativeTarget "VPNDemo" */ = {
			isa = XCConfigurationList;
			buildConfigurations = (
				DCBB3B372043D507009559F2 /* Debug */,
				DCBB3B382043D507009559F2 /* Release */,
			);
			defaultConfigurationIsVisible = 0;
			defaultConfigurationName = Release;
		};
/* End XCConfigurationList section */
	};
	rootObject = DCBB3B182043D507009559F2 /* Project object */;
}
